
Microsoft Visual Studio Solution File, Format Version 12.00
# Visual Studio Version 17
VisualStudioVersion = 17.14.36429.23 d17.14
MinimumVisualStudioVersion = 10.0.40219.1
Project("{F184B08F-C81C-45F6-A57F-5ABD9991F28F}") = "Mini_Reto_Gestion_de_Tabla", "Mini_Reto_Gestion_de_Tabla\Mini_Reto_Gestion_de_Tabla.vbproj", "{F1A3988E-35A6-4750-ACBA-67978EBA171F}"
EndProject
Global
	GlobalSection(SolutionConfigurationPlatforms) = preSolution
		Debug|Any CPU = Debug|Any CPU
		Release|Any CPU = Release|Any CPU
	EndGlobalSection
	GlobalSection(ProjectConfigurationPlatforms) = postSolution
		{F1A3988E-35A6-4750-ACBA-67978EBA171F}.Debug|Any CPU.ActiveCfg = Debug|Any CPU
		{F1A3988E-35A6-4750-ACBA-67978EBA171F}.Debug|Any CPU.Build.0 = Debug|Any CPU
		{F1A3988E-35A6-4750-ACBA-67978EBA171F}.Release|Any CPU.ActiveCfg = Release|Any CPU
		{F1A3988E-35A6-4750-ACBA-67978EBA171F}.Release|Any CPU.Build.0 = Release|Any CPU
	EndGlobalSection
	GlobalSection(SolutionProperties) = preSolution
		HideSolutionNode = FALSE
	EndGlobalSection
	GlobalSection(ExtensibilityGlobals) = postSolution
		SolutionGuid = {B76CEC4C-D419-4FDF-BA22-E7AEAF7F63FE}
	EndGlobalSection
EndGlobal
